// !$*UTF8*$!
{
	archiveVersion = 1;
	classes = {
	};
	objectVersion = 48;
	objects = {

/* Begin PBXBuildFile section */
		50318C6F207CFD090059B4BA /* JKShareView.m in Sources */ = {isa = PBXBuildFile; fileRef = 50318C68207CFD090059B4BA /* JKShareView.m */; };
		50318C70207CFD090059B4BA /* JKShareManager.m in Sources */ = {isa = PBXBuildFile; fileRef = 50318C69207CFD090059B4BA /* JKShareManager.m */; };
		5038B35B216B599D00FA5588 /* JKAlertView.m in Sources */ = {isa = PBXBuildFile; fileRef = 5038B351216B599D00FA5588 /* JKAlertView.m */; };
		5038B35C216B599D00FA5588 /* JKAlertTextView.m in Sources */ = {isa = PBXBuildFile; fileRef = 5038B352216B599D00FA5588 /* JKAlertTextView.m */; };
		5038B35D216B599D00FA5588 /* JKAlertCollectionViewCell.m in Sources */ = {isa = PBXBuildFile; fileRef = 5038B356216B599D00FA5588 /* JKAlertCollectionViewCell.m */; };
		5038B35E216B599D00FA5588 /* JKAlertTableViewCell.m in Sources */ = {isa = PBXBuildFile; fileRef = 5038B358216B599D00FA5588 /* JKAlertTableViewCell.m */; };
		5038B35F216B599D00FA5588 /* JKAlertAction.m in Sources */ = {isa = PBXBuildFile; fileRef = 5038B359216B599D00FA5588 /* JKAlertAction.m */; };
		505A282E23A9CF0900BD4DA9 /* JKAlertPanGestureRecognizer.m in Sources */ = {isa = PBXBuildFile; fileRef = 505A282D23A9CF0900BD4DA9 /* JKAlertPanGestureRecognizer.m */; };
		506C31C8215DD82E00FD6D31 /* Assets.xcassets in Resources */ = {isa = PBXBuildFile; fileRef = 506C31C7215DD82E00FD6D31 /* Assets.xcassets */; };
		5093697C2412345B00C16DEF /* NSObject+JKSafeCrachProtection.m in Sources */ = {isa = PBXBuildFile; fileRef = 5093697B2412345B00C16DEF /* NSObject+JKSafeCrachProtection.m */; };
		509800C324615BAB00EAAD00 /* JKAlertBaseTableViewCell.m in Sources */ = {isa = PBXBuildFile; fileRef = 509800C224615BAB00EAAD00 /* JKAlertBaseTableViewCell.m */; };
		509800C624615FBF00EAAD00 /* JKAlertPiercedTableViewCell.m in Sources */ = {isa = PBXBuildFile; fileRef = 509800C524615FBF00EAAD00 /* JKAlertPiercedTableViewCell.m */; };
		509E493E21C0BDE100B160A5 /* UIView+JKAlertX.m in Sources */ = {isa = PBXBuildFile; fileRef = 509E493D21C0BDE100B160A5 /* UIView+JKAlertX.m */; };
		509E494121C0BDF500B160A5 /* UIControl+JKAlertX.m in Sources */ = {isa = PBXBuildFile; fileRef = 509E494021C0BDF500B160A5 /* UIControl+JKAlertX.m */; };
		509E494421C0BE0500B160A5 /* UIGestureRecognizer+JKAlertX.m in Sources */ = {isa = PBXBuildFile; fileRef = 509E494321C0BE0500B160A5 /* UIGestureRecognizer+JKAlertX.m */; };
		50AB436E21EC7BEF004D8B4E /* JKBaseAlertView.m in Sources */ = {isa = PBXBuildFile; fileRef = 50AB436D21EC7BEF004D8B4E /* JKBaseAlertView.m */; };
		50AF62312282D97100E94DF3 /* TransformLandscapeViewController.m in Sources */ = {isa = PBXBuildFile; fileRef = 50AF62302282D97100E94DF3 /* TransformLandscapeViewController.m */; };
		50F2F13021A57C96005B3242 /* JKAlertConst.m in Sources */ = {isa = PBXBuildFile; fileRef = 50F2F12F21A57C96005B3242 /* JKAlertConst.m */; };
		B7D5AA5C207CFBE8001152D9 /* AppDelegate.m in Sources */ = {isa = PBXBuildFile; fileRef = B7D5AA5B207CFBE8001152D9 /* AppDelegate.m */; };
		B7D5AA5F207CFBE8001152D9 /* ViewController.m in Sources */ = {isa = PBXBuildFile; fileRef = B7D5AA5E207CFBE8001152D9 /* ViewController.m */; };
		B7D5AA62207CFBE8001152D9 /* Main.storyboard in Resources */ = {isa = PBXBuildFile; fileRef = B7D5AA60207CFBE8001152D9 /* Main.storyboard */; };
		B7D5AA67207CFBE8001152D9 /* LaunchScreen.storyboard in Resources */ = {isa = PBXBuildFile; fileRef = B7D5AA65207CFBE8001152D9 /* LaunchScreen.storyboard */; };
		B7D5AA6A207CFBE8001152D9 /* main.m in Sources */ = {isa = PBXBuildFile; fileRef = B7D5AA69207CFBE8001152D9 /* main.m */; };
		C01D8B5E2467B67B006E2E03 /* JKAlertBaseActionView.m in Sources */ = {isa = PBXBuildFile; fileRef = C01D8B5D2467B67B006E2E03 /* JKAlertBaseActionView.m */; };
		C01D8B612467B8C0006E2E03 /* JKAlertTableActionView.m in Sources */ = {isa = PBXBuildFile; fileRef = C01D8B602467B8C0006E2E03 /* JKAlertTableActionView.m */; };
/* End PBXBuildFile section */

/* Begin PBXFileReference section */
		50318C66207CFD090059B4BA /* JKShareView.h */ = {isa = PBXFileReference; fileEncoding = 4; lastKnownFileType = sourcecode.c.h; path = JKShareView.h; sourceTree = "<group>"; };
		50318C67207CFD090059B4BA /* JKShareManager.h */ = {isa = PBXFileReference; fileEncoding = 4; lastKnownFileType = sourcecode.c.h; path = JKShareManager.h; sourceTree = "<group>"; };
		50318C68207CFD090059B4BA /* JKShareView.m */ = {isa = PBXFileReference; fileEncoding = 4; lastKnownFileType = sourcecode.c.objc; path = JKShareView.m; sourceTree = "<group>"; };
		50318C69207CFD090059B4BA /* JKShareManager.m */ = {isa = PBXFileReference; fileEncoding = 4; lastKnownFileType = sourcecode.c.objc; path = JKShareManager.m; sourceTree = "<group>"; };
		5038B350216B599D00FA5588 /* JKAlertTableViewCell.h */ = {isa = PBXFileReference; fileEncoding = 4; lastKnownFileType = sourcecode.c.h; path = JKAlertTableViewCell.h; sourceTree = "<group>"; };
		5038B351216B599D00FA5588 /* JKAlertView.m */ = {isa = PBXFileReference; fileEncoding = 4; lastKnownFileType = sourcecode.c.objc; path = JKAlertView.m; sourceTree = "<group>"; };
		5038B352216B599D00FA5588 /* JKAlertTextView.m */ = {isa = PBXFileReference; fileEncoding = 4; lastKnownFileType = sourcecode.c.objc; path = JKAlertTextView.m; sourceTree = "<group>"; };
		5038B353216B599D00FA5588 /* JKAlertAction.h */ = {isa = PBXFileReference; fileEncoding = 4; lastKnownFileType = sourcecode.c.h; path = JKAlertAction.h; sourceTree = "<group>"; };
		5038B354216B599D00FA5588 /* JKAlertCollectionViewCell.h */ = {isa = PBXFileReference; fileEncoding = 4; lastKnownFileType = sourcecode.c.h; path = JKAlertCollectionViewCell.h; sourceTree = "<group>"; };
		5038B355216B599D00FA5588 /* JKAlertTextView.h */ = {isa = PBXFileReference; fileEncoding = 4; lastKnownFileType = sourcecode.c.h; path = JKAlertTextView.h; sourceTree = "<group>"; };
		5038B356216B599D00FA5588 /* JKAlertCollectionViewCell.m */ = {isa = PBXFileReference; fileEncoding = 4; lastKnownFileType = sourcecode.c.objc; path = JKAlertCollectionViewCell.m; sourceTree = "<group>"; };
		5038B357216B599D00FA5588 /* JKAlertView.h */ = {isa = PBXFileReference; fileEncoding = 4; lastKnownFileType = sourcecode.c.h; path = JKAlertView.h; sourceTree = "<group>"; };
		5038B358216B599D00FA5588 /* JKAlertTableViewCell.m */ = {isa = PBXFileReference; fileEncoding = 4; lastKnownFileType = sourcecode.c.objc; path = JKAlertTableViewCell.m; sourceTree = "<group>"; };
		5038B359216B599D00FA5588 /* JKAlertAction.m */ = {isa = PBXFileReference; fileEncoding = 4; lastKnownFileType = sourcecode.c.objc; path = JKAlertAction.m; sourceTree = "<group>"; };
		5038B35A216B599D00FA5588 /* JKAlertX.h */ = {isa = PBXFileReference; fileEncoding = 4; lastKnownFileType = sourcecode.c.h; path = JKAlertX.h; sourceTree = "<group>"; };
		505A282C23A9CF0900BD4DA9 /* JKAlertPanGestureRecognizer.h */ = {isa = PBXFileReference; lastKnownFileType = sourcecode.c.h; path = JKAlertPanGestureRecognizer.h; sourceTree = "<group>"; };
		505A282D23A9CF0900BD4DA9 /* JKAlertPanGestureRecognizer.m */ = {isa = PBXFileReference; lastKnownFileType = sourcecode.c.objc; path = JKAlertPanGestureRecognizer.m; sourceTree = "<group>"; };
		506C31C7215DD82E00FD6D31 /* Assets.xcassets */ = {isa = PBXFileReference; lastKnownFileType = folder.assetcatalog; path = Assets.xcassets; sourceTree = "<group>"; };
		5093697A2412345B00C16DEF /* NSObject+JKSafeCrachProtection.h */ = {isa = PBXFileReference; fileEncoding = 4; lastKnownFileType = sourcecode.c.h; path = "NSObject+JKSafeCrachProtection.h"; sourceTree = "<group>"; };
		5093697B2412345B00C16DEF /* NSObject+JKSafeCrachProtection.m */ = {isa = PBXFileReference; fileEncoding = 4; lastKnownFileType = sourcecode.c.objc; path = "NSObject+JKSafeCrachProtection.m"; sourceTree = "<group>"; };
		509800C124615BAB00EAAD00 /* JKAlertBaseTableViewCell.h */ = {isa = PBXFileReference; lastKnownFileType = sourcecode.c.h; path = JKAlertBaseTableViewCell.h; sourceTree = "<group>"; };
		509800C224615BAB00EAAD00 /* JKAlertBaseTableViewCell.m */ = {isa = PBXFileReference; lastKnownFileType = sourcecode.c.objc; path = JKAlertBaseTableViewCell.m; sourceTree = "<group>"; };
		509800C424615FBF00EAAD00 /* JKAlertPiercedTableViewCell.h */ = {isa = PBXFileReference; lastKnownFileType = sourcecode.c.h; path = JKAlertPiercedTableViewCell.h; sourceTree = "<group>"; };
		509800C524615FBF00EAAD00 /* JKAlertPiercedTableViewCell.m */ = {isa = PBXFileReference; lastKnownFileType = sourcecode.c.objc; path = JKAlertPiercedTableViewCell.m; sourceTree = "<group>"; };
		509E493C21C0BDE100B160A5 /* UIView+JKAlertX.h */ = {isa = PBXFileReference; lastKnownFileType = sourcecode.c.h; path = "UIView+JKAlertX.h"; sourceTree = "<group>"; };
		509E493D21C0BDE100B160A5 /* UIView+JKAlertX.m */ = {isa = PBXFileReference; lastKnownFileType = sourcecode.c.objc; path = "UIView+JKAlertX.m"; sourceTree = "<group>"; };
		509E493F21C0BDF500B160A5 /* UIControl+JKAlertX.h */ = {isa = PBXFileReference; lastKnownFileType = sourcecode.c.h; path = "UIControl+JKAlertX.h"; sourceTree = "<group>"; };
		509E494021C0BDF500B160A5 /* UIControl+JKAlertX.m */ = {isa = PBXFileReference; lastKnownFileType = sourcecode.c.objc; path = "UIControl+JKAlertX.m"; sourceTree = "<group>"; };
		509E494221C0BE0500B160A5 /* UIGestureRecognizer+JKAlertX.h */ = {isa = PBXFileReference; lastKnownFileType = sourcecode.c.h; path = "UIGestureRecognizer+JKAlertX.h"; sourceTree = "<group>"; };
		509E494321C0BE0500B160A5 /* UIGestureRecognizer+JKAlertX.m */ = {isa = PBXFileReference; lastKnownFileType = sourcecode.c.objc; path = "UIGestureRecognizer+JKAlertX.m"; sourceTree = "<group>"; };
		50AB436C21EC7BEF004D8B4E /* JKBaseAlertView.h */ = {isa = PBXFileReference; lastKnownFileType = sourcecode.c.h; path = JKBaseAlertView.h; sourceTree = "<group>"; };
		50AB436D21EC7BEF004D8B4E /* JKBaseAlertView.m */ = {isa = PBXFileReference; lastKnownFileType = sourcecode.c.objc; path = JKBaseAlertView.m; sourceTree = "<group>"; };
		50AF622F2282D97100E94DF3 /* TransformLandscapeViewController.h */ = {isa = PBXFileReference; lastKnownFileType = sourcecode.c.h; path = TransformLandscapeViewController.h; sourceTree = "<group>"; };
		50AF62302282D97100E94DF3 /* TransformLandscapeViewController.m */ = {isa = PBXFileReference; lastKnownFileType = sourcecode.c.objc; path = TransformLandscapeViewController.m; sourceTree = "<group>"; };
		50F2F12E21A57C96005B3242 /* JKAlertConst.h */ = {isa = PBXFileReference; lastKnownFileType = sourcecode.c.h; path = JKAlertConst.h; sourceTree = "<group>"; };
		50F2F12F21A57C96005B3242 /* JKAlertConst.m */ = {isa = PBXFileReference; lastKnownFileType = sourcecode.c.objc; path = JKAlertConst.m; sourceTree = "<group>"; };
		B7D5AA57207CFBE8001152D9 /* JKAlertX.app */ = {isa = PBXFileReference; explicitFileType = wrapper.application; includeInIndex = 0; path = JKAlertX.app; sourceTree = BUILT_PRODUCTS_DIR; };
		B7D5AA5A207CFBE8001152D9 /* AppDelegate.h */ = {isa = PBXFileReference; lastKnownFileType = sourcecode.c.h; path = AppDelegate.h; sourceTree = "<group>"; };
		B7D5AA5B207CFBE8001152D9 /* AppDelegate.m */ = {isa = PBXFileReference; lastKnownFileType = sourcecode.c.objc; path = AppDelegate.m; sourceTree = "<group>"; };
		B7D5AA5D207CFBE8001152D9 /* ViewController.h */ = {isa = PBXFileReference; lastKnownFileType = sourcecode.c.h; path = ViewController.h; sourceTree = "<group>"; };
		B7D5AA5E207CFBE8001152D9 /* ViewController.m */ = {isa = PBXFileReference; lastKnownFileType = sourcecode.c.objc; path = ViewController.m; sourceTree = "<group>"; };
		B7D5AA61207CFBE8001152D9 /* Base */ = {isa = PBXFileReference; lastKnownFileType = file.storyboard; name = Base; path = Base.lproj/Main.storyboard; sourceTree = "<group>"; };
		B7D5AA66207CFBE8001152D9 /* Base */ = {isa = PBXFileReference; lastKnownFileType = file.storyboard; name = Base; path = Base.lproj/LaunchScreen.storyboard; sourceTree = "<group>"; };
		B7D5AA68207CFBE8001152D9 /* Info.plist */ = {isa = PBXFileReference; lastKnownFileType = text.plist.xml; path = Info.plist; sourceTree = "<group>"; };
		B7D5AA69207CFBE8001152D9 /* main.m */ = {isa = PBXFileReference; lastKnownFileType = sourcecode.c.objc; path = main.m; sourceTree = "<group>"; };
		C01D8B5C2467B67B006E2E03 /* JKAlertBaseActionView.h */ = {isa = PBXFileReference; lastKnownFileType = sourcecode.c.h; path = JKAlertBaseActionView.h; sourceTree = "<group>"; };
		C01D8B5D2467B67B006E2E03 /* JKAlertBaseActionView.m */ = {isa = PBXFileReference; lastKnownFileType = sourcecode.c.objc; path = JKAlertBaseActionView.m; sourceTree = "<group>"; };
		C01D8B5F2467B8C0006E2E03 /* JKAlertTableActionView.h */ = {isa = PBXFileReference; lastKnownFileType = sourcecode.c.h; path = JKAlertTableActionView.h; sourceTree = "<group>"; };
		C01D8B602467B8C0006E2E03 /* JKAlertTableActionView.m */ = {isa = PBXFileReference; lastKnownFileType = sourcecode.c.objc; path = JKAlertTableActionView.m; sourceTree = "<group>"; };
/* End PBXFileReference section */

/* Begin PBXFrameworksBuildPhase section */
		B7D5AA54207CFBE8001152D9 /* Frameworks */ = {
			isa = PBXFrameworksBuildPhase;
			buildActionMask = 2147483647;
			files = (
			);
			runOnlyForDeploymentPostprocessing = 0;
		};
/* End PBXFrameworksBuildPhase section */

/* Begin PBXGroup section */
		50318C65207CFD090059B4BA /* JKShare */ = {
			isa = PBXGroup;
			children = (
				50318C67207CFD090059B4BA /* JKShareManager.h */,
				50318C69207CFD090059B4BA /* JKShareManager.m */,
				50318C66207CFD090059B4BA /* JKShareView.h */,
				50318C68207CFD090059B4BA /* JKShareView.m */,
			);
			path = JKShare;
			sourceTree = "<group>";
		};
		5038B34F216B597700FA5588 /* JKAlertX */ = {
			isa = PBXGroup;
			children = (
				5038B35A216B599D00FA5588 /* JKAlertX.h */,
				50AB436F21EC7C08004D8B4E /* JKBase */,
				509E494521C0BE9C00B160A5 /* JKCategory */,
				505A282A23A9CBD000BD4DA9 /* Model */,
				505A282923A9CBC700BD4DA9 /* Utility */,
				505A282B23A9CBE100BD4DA9 /* View */,
			);
			path = JKAlertX;
			sourceTree = "<group>";
		};
		505A282923A9CBC700BD4DA9 /* Utility */ = {
			isa = PBXGroup;
			children = (
				50F2F12E21A57C96005B3242 /* JKAlertConst.h */,
				50F2F12F21A57C96005B3242 /* JKAlertConst.m */,
				505A282C23A9CF0900BD4DA9 /* JKAlertPanGestureRecognizer.h */,
				505A282D23A9CF0900BD4DA9 /* JKAlertPanGestureRecognizer.m */,
			);
			path = Utility;
			sourceTree = "<group>";
		};
		505A282A23A9CBD000BD4DA9 /* Model */ = {
			isa = PBXGroup;
			children = (
				5038B353216B599D00FA5588 /* JKAlertAction.h */,
				5038B359216B599D00FA5588 /* JKAlertAction.m */,
			);
			path = Model;
			sourceTree = "<group>";
		};
		505A282B23A9CBE100BD4DA9 /* View */ = {
			isa = PBXGroup;
			children = (
				C01D8B5F2467B8C0006E2E03 /* JKAlertTableActionView.h */,
				C01D8B602467B8C0006E2E03 /* JKAlertTableActionView.m */,
				5038B354216B599D00FA5588 /* JKAlertCollectionViewCell.h */,
				5038B356216B599D00FA5588 /* JKAlertCollectionViewCell.m */,
				509800C424615FBF00EAAD00 /* JKAlertPiercedTableViewCell.h */,
				509800C524615FBF00EAAD00 /* JKAlertPiercedTableViewCell.m */,
				5038B350216B599D00FA5588 /* JKAlertTableViewCell.h */,
				5038B358216B599D00FA5588 /* JKAlertTableViewCell.m */,
				5038B355216B599D00FA5588 /* JKAlertTextView.h */,
				5038B352216B599D00FA5588 /* JKAlertTextView.m */,
				5038B357216B599D00FA5588 /* JKAlertView.h */,
				5038B351216B599D00FA5588 /* JKAlertView.m */,
			);
			path = View;
			sourceTree = "<group>";
		};
		509369792412344C00C16DEF /* Test */ = {
			isa = PBXGroup;
			children = (
				5093697A2412345B00C16DEF /* NSObject+JKSafeCrachProtection.h */,
				5093697B2412345B00C16DEF /* NSObject+JKSafeCrachProtection.m */,
			);
			path = Test;
			sourceTree = "<group>";
		};
		509E494521C0BE9C00B160A5 /* JKCategory */ = {
			isa = PBXGroup;
			children = (
				509E493F21C0BDF500B160A5 /* UIControl+JKAlertX.h */,
				509E494021C0BDF500B160A5 /* UIControl+JKAlertX.m */,
				509E494221C0BE0500B160A5 /* UIGestureRecognizer+JKAlertX.h */,
				509E494321C0BE0500B160A5 /* UIGestureRecognizer+JKAlertX.m */,
				509E493C21C0BDE100B160A5 /* UIView+JKAlertX.h */,
				509E493D21C0BDE100B160A5 /* UIView+JKAlertX.m */,
			);
			path = JKCategory;
			sourceTree = "<group>";
		};
		50AB436F21EC7C08004D8B4E /* JKBase */ = {
			isa = PBXGroup;
			children = (
				50AB436C21EC7BEF004D8B4E /* JKBaseAlertView.h */,
				50AB436D21EC7BEF004D8B4E /* JKBaseAlertView.m */,
				509800C124615BAB00EAAD00 /* JKAlertBaseTableViewCell.h */,
				509800C224615BAB00EAAD00 /* JKAlertBaseTableViewCell.m */,
				C01D8B5C2467B67B006E2E03 /* JKAlertBaseActionView.h */,
				C01D8B5D2467B67B006E2E03 /* JKAlertBaseActionView.m */,
			);
			path = JKBase;
			sourceTree = "<group>";
		};
		B7D5AA4E207CFBE8001152D9 = {
			isa = PBXGroup;
			children = (
				B7D5AA59207CFBE8001152D9 /* JKAlertX */,
				B7D5AA58207CFBE8001152D9 /* Products */,
			);
			sourceTree = "<group>";
		};
		B7D5AA58207CFBE8001152D9 /* Products */ = {
			isa = PBXGroup;
			children = (
				B7D5AA57207CFBE8001152D9 /* JKAlertX.app */,
			);
			name = Products;
			sourceTree = "<group>";
		};
		B7D5AA59207CFBE8001152D9 /* JKAlertX */ = {
			isa = PBXGroup;
			children = (
				B7D5AA5A207CFBE8001152D9 /* AppDelegate.h */,
				B7D5AA5B207CFBE8001152D9 /* AppDelegate.m */,
				509369792412344C00C16DEF /* Test */,
				50318C65207CFD090059B4BA /* JKShare */,
				5038B34F216B597700FA5588 /* JKAlertX */,
				B7D5AA5D207CFBE8001152D9 /* ViewController.h */,
				B7D5AA5E207CFBE8001152D9 /* ViewController.m */,
				50AF622F2282D97100E94DF3 /* TransformLandscapeViewController.h */,
				50AF62302282D97100E94DF3 /* TransformLandscapeViewController.m */,
				506C31C7215DD82E00FD6D31 /* Assets.xcassets */,
				B7D5AA60207CFBE8001152D9 /* Main.storyboard */,
				B7D5AA65207CFBE8001152D9 /* LaunchScreen.storyboard */,
				B7D5AA68207CFBE8001152D9 /* Info.plist */,
				B7D5AA69207CFBE8001152D9 /* main.m */,
			);
			path = JKAlertX;
			sourceTree = "<group>";
		};
/* End PBXGroup section */

/* Begin PBXNativeTarget section */
		B7D5AA56207CFBE8001152D9 /* JKAlertX */ = {
			isa = PBXNativeTarget;
			buildConfigurationList = B7D5AA6D207CFBE8001152D9 /* Build configuration list for PBXNativeTarget "JKAlertX" */;
			buildPhases = (
				B7D5AA53207CFBE8001152D9 /* Sources */,
				B7D5AA54207CFBE8001152D9 /* Frameworks */,
				B7D5AA55207CFBE8001152D9 /* Resources */,
			);
			buildRules = (
			);
			dependencies = (
			);
			name = JKAlertX;
			productName = JKAlertX;
			productReference = B7D5AA57207CFBE8001152D9 /* JKAlertX.app */;
			productType = "com.apple.product-type.application";
		};
/* End PBXNativeTarget section */

/* Begin PBXProject section */
		B7D5AA4F207CFBE8001152D9 /* Project object */ = {
			isa = PBXProject;
			attributes = {
				LastUpgradeCheck = 1110;
				ORGANIZATIONNAME = "安永博";
				TargetAttributes = {
					B7D5AA56207CFBE8001152D9 = {
						CreatedOnToolsVersion = 9.0;
						ProvisioningStyle = Automatic;
					};
				};
			};
			buildConfigurationList = B7D5AA52207CFBE8001152D9 /* Build configuration list for PBXProject "JKAlertX" */;
			compatibilityVersion = "Xcode 8.0";
			developmentRegion = en;
			hasScannedForEncodings = 0;
			knownRegions = (
				en,
				Base,
			);
			mainGroup = B7D5AA4E207CFBE8001152D9;
			productRefGroup = B7D5AA58207CFBE8001152D9 /* Products */;
			projectDirPath = "";
			projectRoot = "";
			targets = (
				B7D5AA56207CFBE8001152D9 /* JKAlertX */,
			);
		};
/* End PBXProject section */

/* Begin PBXResourcesBuildPhase section */
		B7D5AA55207CFBE8001152D9 /* Resources */ = {
			isa = PBXResourcesBuildPhase;
			buildActionMask = 2147483647;
			files = (
				B7D5AA67207CFBE8001152D9 /* LaunchScreen.storyboard in Resources */,
				506C31C8215DD82E00FD6D31 /* Assets.xcassets in Resources */,
				B7D5AA62207CFBE8001152D9 /* Main.storyboard in Resources */,
			);
			runOnlyForDeploymentPostprocessing = 0;
		};
/* End PBXResourcesBuildPhase section */

/* Begin PBXSourcesBuildPhase section */
		B7D5AA53207CFBE8001152D9 /* Sources */ = {
			isa = PBXSourcesBuildPhase;
			buildActionMask = 2147483647;
			files = (
				C01D8B5E2467B67B006E2E03 /* JKAlertBaseActionView.m in Sources */,
				B7D5AA5F207CFBE8001152D9 /* ViewController.m in Sources */,
				50318C70207CFD090059B4BA /* JKShareManager.m in Sources */,
				509E493E21C0BDE100B160A5 /* UIView+JKAlertX.m in Sources */,
				5038B35D216B599D00FA5588 /* JKAlertCollectionViewCell.m in Sources */,
				509E494121C0BDF500B160A5 /* UIControl+JKAlertX.m in Sources */,
				509800C324615BAB00EAAD00 /* JKAlertBaseTableViewCell.m in Sources */,
				5038B35E216B599D00FA5588 /* JKAlertTableViewCell.m in Sources */,
				B7D5AA6A207CFBE8001152D9 /* main.m in Sources */,
				50F2F13021A57C96005B3242 /* JKAlertConst.m in Sources */,
				C01D8B612467B8C0006E2E03 /* JKAlertTableActionView.m in Sources */,
				5038B35C216B599D00FA5588 /* JKAlertTextView.m in Sources */,
				50AB436E21EC7BEF004D8B4E /* JKBaseAlertView.m in Sources */,
				B7D5AA5C207CFBE8001152D9 /* AppDelegate.m in Sources */,
				509800C624615FBF00EAAD00 /* JKAlertPiercedTableViewCell.m in Sources */,
				5038B35F216B599D00FA5588 /* JKAlertAction.m in Sources */,
				5038B35B216B599D00FA5588 /* JKAlertView.m in Sources */,
				50318C6F207CFD090059B4BA /* JKShareView.m in Sources */,
				5093697C2412345B00C16DEF /* NSObject+JKSafeCrachProtection.m in Sources */,
				509E494421C0BE0500B160A5 /* UIGestureRecognizer+JKAlertX.m in Sources */,
				50AF62312282D97100E94DF3 /* TransformLandscapeViewController.m in Sources */,
				505A282E23A9CF0900BD4DA9 /* JKAlertPanGestureRecognizer.m in Sources */,
			);
			runOnlyForDeploymentPostprocessing = 0;
		};
/* End PBXSourcesBuildPhase section */

/* Begin PBXVariantGroup section */
		B7D5AA60207CFBE8001152D9 /* Main.storyboard */ = {
			isa = PBXVariantGroup;
			children = (
				B7D5AA61207CFBE8001152D9 /* Base */,
			);
			name = Main.storyboard;
			sourceTree = "<group>";
		};
		B7D5AA65207CFBE8001152D9 /* LaunchScreen.storyboard */ = {
			isa = PBXVariantGroup;
			children = (
				B7D5AA66207CFBE8001152D9 /* Base */,
			);
			name = LaunchScreen.storyboard;
			sourceTree = "<group>";
		};
/* End PBXVariantGroup section */

/* Begin XCBuildConfiguration section */
		B7D5AA6B207CFBE8001152D9 /* Debug */ = {
			isa = XCBuildConfiguration;
			buildSettings = {
				ALWAYS_SEARCH_USER_PATHS = NO;
				CLANG_ANALYZER_NONNULL = YES;
				CLANG_ANALYZER_NUMBER_OBJECT_CONVERSION = YES_AGGRESSIVE;
				CLANG_CXX_LANGUAGE_STANDARD = "gnu++14";
				CLANG_CXX_LIBRARY = "libc++";
				CLANG_ENABLE_MODULES = YES;
				CLANG_ENABLE_OBJC_ARC = YES;
				CLANG_WARN_BLOCK_CAPTURE_AUTORELEASING = YES;
				CLANG_WARN_BOOL_CONVERSION = YES;
				CLANG_WARN_COMMA = YES;
				CLANG_WARN_CONSTANT_CONVERSION = YES;
				CLANG_WARN_DEPRECATED_OBJC_IMPLEMENTATIONS = YES;
				CLANG_WARN_DIRECT_OBJC_ISA_USAGE = YES_ERROR;
				CLANG_WARN_DOCUMENTATION_COMMENTS = YES;
				CLANG_WARN_EMPTY_BODY = YES;
				CLANG_WARN_ENUM_CONVERSION = YES;
				CLANG_WARN_INFINITE_RECURSION = YES;
				CLANG_WARN_INT_CONVERSION = YES;
				CLANG_WARN_NON_LITERAL_NULL_CONVERSION = YES;
				CLANG_WARN_OBJC_IMPLICIT_RETAIN_SELF = YES;
				CLANG_WARN_OBJC_LITERAL_CONVERSION = YES;
				CLANG_WARN_OBJC_ROOT_CLASS = YES_ERROR;
				CLANG_WARN_RANGE_LOOP_ANALYSIS = YES;
				CLANG_WARN_STRICT_PROTOTYPES = YES;
				CLANG_WARN_SUSPICIOUS_MOVE = YES;
				CLANG_WARN_UNGUARDED_AVAILABILITY = YES_AGGRESSIVE;
				CLANG_WARN_UNREACHABLE_CODE = YES;
				CLANG_WARN__DUPLICATE_METHOD_MATCH = YES;
				CODE_SIGN_IDENTITY = "iPhone Developer";
				COPY_PHASE_STRIP = NO;
				DEBUG_INFORMATION_FORMAT = dwarf;
				ENABLE_STRICT_OBJC_MSGSEND = YES;
				ENABLE_TESTABILITY = YES;
				GCC_C_LANGUAGE_STANDARD = gnu11;
				GCC_DYNAMIC_NO_PIC = NO;
				GCC_NO_COMMON_BLOCKS = YES;
				GCC_OPTIMIZATION_LEVEL = 0;
				GCC_PREPROCESSOR_DEFINITIONS = (
					"DEBUG=1",
					"$(inherited)",
				);
				GCC_WARN_64_TO_32_BIT_CONVERSION = YES;
				GCC_WARN_ABOUT_RETURN_TYPE = YES_ERROR;
				GCC_WARN_UNDECLARED_SELECTOR = YES;
				GCC_WARN_UNINITIALIZED_AUTOS = YES_AGGRESSIVE;
				GCC_WARN_UNUSED_FUNCTION = YES;
				GCC_WARN_UNUSED_VARIABLE = YES;
				IPHONEOS_DEPLOYMENT_TARGET = 8.0;
				MTL_ENABLE_DEBUG_INFO = YES;
				ONLY_ACTIVE_ARCH = YES;
				SDKROOT = iphoneos;
			};
			name = Debug;
		};
		B7D5AA6C207CFBE8001152D9 /* Release */ = {
			isa = XCBuildConfiguration;
			buildSettings = {
				ALWAYS_SEARCH_USER_PATHS = NO;
				CLANG_ANALYZER_NONNULL = YES;
				CLANG_ANALYZER_NUMBER_OBJECT_CONVERSION = YES_AGGRESSIVE;
				CLANG_CXX_LANGUAGE_STANDARD = "gnu++14";
				CLANG_CXX_LIBRARY = "libc++";
				CLANG_ENABLE_MODULES = YES;
				CLANG_ENABLE_OBJC_ARC = YES;
				CLANG_WARN_BLOCK_CAPTURE_AUTORELEASING = YES;
				CLANG_WARN_BOOL_CONVERSION = YES;
				CLANG_WARN_COMMA = YES;
				CLANG_WARN_CONSTANT_CONVERSION = YES;
				CLANG_WARN_DEPRECATED_OBJC_IMPLEMENTATIONS = YES;
				CLANG_WARN_DIRECT_OBJC_ISA_USAGE = YES_ERROR;
				CLANG_WARN_DOCUMENTATION_COMMENTS = YES;
				CLANG_WARN_EMPTY_BODY = YES;
				CLANG_WARN_ENUM_CONVERSION = YES;
				CLANG_WARN_INFINITE_RECURSION = YES;
				CLANG_WARN_INT_CONVERSION = YES;
				CLANG_WARN_NON_LITERAL_NULL_CONVERSION = YES;
				CLANG_WARN_OBJC_IMPLICIT_RETAIN_SELF = YES;
				CLANG_WARN_OBJC_LITERAL_CONVERSION = YES;
				CLANG_WARN_OBJC_ROOT_CLASS = YES_ERROR;
				CLANG_WARN_RANGE_LOOP_ANALYSIS = YES;
				CLANG_WARN_STRICT_PROTOTYPES = YES;
				CLANG_WARN_SUSPICIOUS_MOVE = YES;
				CLANG_WARN_UNGUARDED_AVAILABILITY = YES_AGGRESSIVE;
				CLANG_WARN_UNREACHABLE_CODE = YES;
				CLANG_WARN__DUPLICATE_METHOD_MATCH = YES;
				CODE_SIGN_IDENTITY = "iPhone Developer";
				COPY_PHASE_STRIP = NO;
				DEBUG_INFORMATION_FORMAT = "dwarf-with-dsym";
				ENABLE_NS_ASSERTIONS = NO;
				ENABLE_STRICT_OBJC_MSGSEND = YES;
				GCC_C_LANGUAGE_STANDARD = gnu11;
				GCC_NO_COMMON_BLOCKS = YES;
				GCC_WARN_64_TO_32_BIT_CONVERSION = YES;
				GCC_WARN_ABOUT_RETURN_TYPE = YES_ERROR;
				GCC_WARN_UNDECLARED_SELECTOR = YES;
				GCC_WARN_UNINITIALIZED_AUTOS = YES_AGGRESSIVE;
				GCC_WARN_UNUSED_FUNCTION = YES;
				GCC_WARN_UNUSED_VARIABLE = YES;
				IPHONEOS_DEPLOYMENT_TARGET = 8.0;
				MTL_ENABLE_DEBUG_INFO = NO;
				SDKROOT = iphoneos;
				VALIDATE_PRODUCT = YES;
			};
			name = Release;
		};
		B7D5AA6E207CFBE8001152D9 /* Debug */ = {
			isa = XCBuildConfiguration;
			buildSettings = {
				ASSETCATALOG_COMPILER_APPICON_NAME = AppIcon;
				CODE_SIGN_STYLE = Automatic;
				DEVELOPMENT_TEAM = BA4DMKLYJJ;
				INFOPLIST_FILE = JKAlertX/Info.plist;
				IPHONEOS_DEPLOYMENT_TARGET = 9.0;
				LD_RUNPATH_SEARCH_PATHS = "$(inherited) @executable_path/Frameworks";
				PRODUCT_BUNDLE_IDENTIFIER = com.jkdev.JKAlertX;
				PRODUCT_NAME = "$(TARGET_NAME)";
				TARGETED_DEVICE_FAMILY = "1,2";
			};
			name = Debug;
		};
		B7D5AA6F207CFBE8001152D9 /* Release */ = {
			isa = XCBuildConfiguration;
			buildSettings = {
				ASSETCATALOG_COMPILER_APPICON_NAME = AppIcon;
				CODE_SIGN_STYLE = Automatic;
				DEVELOPMENT_TEAM = BA4DMKLYJJ;
				INFOPLIST_FILE = JKAlertX/Info.plist;
				IPHONEOS_DEPLOYMENT_TARGET = 9.0;
				LD_RUNPATH_SEARCH_PATHS = "$(inherited) @executable_path/Frameworks";
				PRODUCT_BUNDLE_IDENTIFIER = com.jkdev.JKAlertX;
				PRODUCT_NAME = "$(TARGET_NAME)";
				TARGETED_DEVICE_FAMILY = "1,2";
			};
			name = Release;
		};
/* End XCBuildConfiguration section */

/* Begin XCConfigurationList section */
		B7D5AA52207CFBE8001152D9 /* Build configuration list for PBXProject "JKAlertX" */ = {
			isa = XCConfigurationList;
			buildConfigurations = (
				B7D5AA6B207CFBE8001152D9 /* Debug */,
				B7D5AA6C207CFBE8001152D9 /* Release */,
			);
			defaultConfigurationIsVisible = 0;
			defaultConfigurationName = Release;
		};
		B7D5AA6D207CFBE8001152D9 /* Build configuration list for PBXNativeTarget "JKAlertX" */ = {
			isa = XCConfigurationList;
			buildConfigurations = (
				B7D5AA6E207CFBE8001152D9 /* Debug */,
				B7D5AA6F207CFBE8001152D9 /* Release */,
			);
			defaultConfigurationIsVisible = 0;
			defaultConfigurationName = Release;
		};
/* End XCConfigurationList section */
	};
	rootObject = B7D5AA4F207CFBE8001152D9 /* Project object */;
}
